// !$*UTF8*$!
{
	archiveVersion = 1;
	classes = {
	};
	objectVersion = 77;
	objects = {

/* Begin PBXBuildFile section */
		2672BF2F2E59BBEE00466EE2 /* ampfin_icon_glass.icon in Resources */ = {isa = PBXBuildFile; fileRef = 2672BF2E2E59BBEE00466EE2 /* ampfin_icon_glass.icon */; };
		267F6F282F7034F200A5C2DC /* WidgetKit.framework in Frameworks */ = {isa = PBXBuildFile; fileRef = 267F6F272F7034F200A5C2DC /* WidgetKit.framework */; };
		267F6F2A2F7034F200A5C2DC /* SwiftUI.framework in Frameworks */ = {isa = PBXBuildFile; fileRef = 267F6F292F7034F200A5C2DC /* SwiftUI.framework */; };
		267F6F392F7034F400A5C2DC /* AmpfinWidgetExtension.appex in Embed Foundation Extensions */ = {isa = PBXBuildFile; fileRef = 267F6F252F7034F200A5C2DC /* AmpfinWidgetExtension.appex */; platformFilters = (ios, macos, ); settings = {ATTRIBUTES = (RemoveHeadersOnCopy, ); }; };
/* End PBXBuildFile section */

/* Begin PBXContainerItemProxy section */
		267E9BCF2DFB0E1A00F06ED9 /* PBXContainerItemProxy */ = {
			isa = PBXContainerItemProxy;
			containerPortal = 267E9BB82DFB0E1800F06ED9 /* Project object */;
			proxyType = 1;
			remoteGlobalIDString = 267E9BBF2DFB0E1800F06ED9;
			remoteInfo = Ampfin;
		};
		267E9BD92DFB0E1A00F06ED9 /* PBXContainerItemProxy */ = {
			isa = PBXContainerItemProxy;
			containerPortal = 267E9BB82DFB0E1800F06ED9 /* Project object */;
			proxyType = 1;
			remoteGlobalIDString = 267E9BBF2DFB0E1800F06ED9;
			remoteInfo = Ampfin;
		};
		267F6F372F7034F400A5C2DC /* PBXContainerItemProxy */ = {
			isa = PBXContainerItemProxy;
			containerPortal = 267E9BB82DFB0E1800F06ED9 /* Project object */;
			proxyType = 1;
			remoteGlobalIDString = 267F6F242F7034F200A5C2DC;
			remoteInfo = AmpfinWidgetExtension;
		};
/* End PBXContainerItemProxy section */

/* Begin PBXCopyFilesBuildPhase section */
		267F6F3E2F7034F400A5C2DC /* Embed Foundation Extensions */ = {
			isa = PBXCopyFilesBuildPhase;
			buildActionMask = 2147483647;
			dstPath = "";
			dstSubfolderSpec = 13;
			files = (
				267F6F392F7034F400A5C2DC /* AmpfinWidgetExtension.appex in Embed Foundation Extensions */,
			);
			name = "Embed Foundation Extensions";
			runOnlyForDeploymentPostprocessing = 0;
		};
/* End PBXCopyFilesBuildPhase section */

/* Begin PBXFileReference section */
		2672BF2E2E59BBEE00466EE2 /* ampfin_icon_glass.icon */ = {isa = PBXFileReference; lastKnownFileType = folder.iconcomposer.icon; path = ampfin_icon_glass.icon; sourceTree = "<group>"; };
		267E9BC02DFB0E1800F06ED9 /* Ampfin.app */ = {isa = PBXFileReference; explicitFileType = wrapper.application; includeInIndex = 0; path = Ampfin.app; sourceTree = BUILT_PRODUCTS_DIR; };
		267E9BCE2DFB0E1A00F06ED9 /* AmpfinTests.xctest */ = {isa = PBXFileReference; explicitFileType = wrapper.cfbundle; includeInIndex = 0; path = AmpfinTests.xctest; sourceTree = BUILT_PRODUCTS_DIR; };
		267E9BD82DFB0E1A00F06ED9 /* AmpfinUITests.xctest */ = {isa = PBXFileReference; explicitFileType = wrapper.cfbundle; includeInIndex = 0; path = AmpfinUITests.xctest; sourceTree = BUILT_PRODUCTS_DIR; };
		267F6F252F7034F200A5C2DC /* AmpfinWidgetExtension.appex */ = {isa = PBXFileReference; explicitFileType = "wrapper.app-extension"; includeInIndex = 0; path = AmpfinWidgetExtension.appex; sourceTree = BUILT_PRODUCTS_DIR; };
		267F6F272F7034F200A5C2DC /* WidgetKit.framework */ = {isa = PBXFileReference; lastKnownFileType = wrapper.framework; name = WidgetKit.framework; path = System/Library/Frameworks/WidgetKit.framework; sourceTree = SDKROOT; };
		267F6F292F7034F200A5C2DC /* SwiftUI.framework */ = {isa = PBXFileReference; lastKnownFileType = wrapper.framework; name = SwiftUI.framework; path = System/Library/Frameworks/SwiftUI.framework; sourceTree = SDKROOT; };
		267F6F422F7036D200A5C2DC /* AmpfinWidgetExtension.entitlements */ = {isa = PBXFileReference; lastKnownFileType = text.plist.entitlements; path = AmpfinWidgetExtension.entitlements; sourceTree = "<group>"; };
/* End PBXFileReference section */

/* Begin PBXFileSystemSynchronizedBuildFileExceptionSet section */
		267F6F3A2F7034F400A5C2DC /* Exceptions for "AmpfinWidget" folder in "AmpfinWidgetExtension" target */ = {
			isa = PBXFileSystemSynchronizedBuildFileExceptionSet;
			membershipExceptions = (
				Info.plist,
			);
			target = 267F6F242F7034F200A5C2DC /* AmpfinWidgetExtension */;
		};
		267F6F402F70363A00A5C2DC /* Exceptions for "Ampfin" folder in "AmpfinWidgetExtension" target */ = {
			isa = PBXFileSystemSynchronizedBuildFileExceptionSet;
			membershipExceptions = (
				Shared/NowPlayingInfo.swift,
				Shared/PlaybackIntents.swift,
				Shared/WidgetSnapshot.swift,
			);
			target = 267F6F242F7034F200A5C2DC /* AmpfinWidgetExtension */;
		};
		267F6F472F7284CA00A5C2DC /* Exceptions for "Ampfin" folder in "Ampfin" target */ = {
			isa = PBXFileSystemSynchronizedBuildFileExceptionSet;
			platformFiltersByRelativePath = {
				Info.plist = (macos, );
			};
			target = 267E9BBF2DFB0E1800F06ED9 /* Ampfin */;
		};
/* End PBXFileSystemSynchronizedBuildFileExceptionSet section */

/* Begin PBXFileSystemSynchronizedRootGroup section */
		267E9BC22DFB0E1800F06ED9 /* Ampfin */ = {
			isa = PBXFileSystemSynchronizedRootGroup;
			exceptions = (
				267F6F472F7284CA00A5C2DC /* Exceptions for "Ampfin" folder in "Ampfin" target */,
				267F6F402F70363A00A5C2DC /* Exceptions for "Ampfin" folder in "AmpfinWidgetExtension" target */,
			);
			path = Ampfin;
			sourceTree = "<group>";
		};
		267E9BD12DFB0E1A00F06ED9 /* AmpfinTests */ = {
			isa = PBXFileSystemSynchronizedRootGroup;
			path = AmpfinTests;
			sourceTree = "<group>";
		};
		267E9BDB2DFB0E1A00F06ED9 /* AmpfinUITests */ = {
			isa = PBXFileSystemSynchronizedRootGroup;
			path = AmpfinUITests;
			sourceTree = "<group>";
		};
		267F6F2B2F7034F200A5C2DC /* AmpfinWidget */ = {
			isa = PBXFileSystemSynchronizedRootGroup;
			exceptions = (
				267F6F3A2F7034F400A5C2DC /* Exceptions for "AmpfinWidget" folder in "AmpfinWidgetExtension" target */,
			);
			path = AmpfinWidget;
			sourceTree = "<group>";
		};
/* End PBXFileSystemSynchronizedRootGroup section */

/* Begin PBXFrameworksBuildPhase section */
		267E9BBD2DFB0E1800F06ED9 /* Frameworks */ = {
			isa = PBXFrameworksBuildPhase;
			buildActionMask = 2147483647;
			files = (
			);
			runOnlyForDeploymentPostprocessing = 0;
		};
		267E9BCB2DFB0E1A00F06ED9 /* Frameworks */ = {
			isa = PBXFrameworksBuildPhase;
			buildActionMask = 2147483647;
			files = (
			);
			runOnlyForDeploymentPostprocessing = 0;
		};
		267E9BD52DFB0E1A00F06ED9 /* Frameworks */ = {
			isa = PBXFrameworksBuildPhase;
			buildActionMask = 2147483647;
			files = (
			);
			runOnlyForDeploymentPostprocessing = 0;
		};
		267F6F222F7034F200A5C2DC /* Frameworks */ = {
			isa = PBXFrameworksBuildPhase;
			buildActionMask = 2147483647;
			files = (
				267F6F2A2F7034F200A5C2DC /* SwiftUI.framework in Frameworks */,
				267F6F282F7034F200A5C2DC /* WidgetKit.framework in Frameworks */,
			);
			runOnlyForDeploymentPostprocessing = 0;
		};
/* End PBXFrameworksBuildPhase section */

/* Begin PBXGroup section */
		267E9BB72DFB0E1800F06ED9 = {
			isa = PBXGroup;
			children = (
				267F6F422F7036D200A5C2DC /* AmpfinWidgetExtension.entitlements */,
				267E9BC22DFB0E1800F06ED9 /* Ampfin */,
				267E9BD12DFB0E1A00F06ED9 /* AmpfinTests */,
				267E9BDB2DFB0E1A00F06ED9 /* AmpfinUITests */,
				267F6F2B2F7034F200A5C2DC /* AmpfinWidget */,
				267F6F262F7034F200A5C2DC /* Frameworks */,
				267E9BC12DFB0E1800F06ED9 /* Products */,
				2672BF2E2E59BBEE00466EE2 /* ampfin_icon_glass.icon */,
			);
			sourceTree = "<group>";
		};
		267E9BC12DFB0E1800F06ED9 /* Products */ = {
			isa = PBXGroup;
			children = (
				267E9BC02DFB0E1800F06ED9 /* Ampfin.app */,
				267E9BCE2DFB0E1A00F06ED9 /* AmpfinTests.xctest */,
				267E9BD82DFB0E1A00F06ED9 /* AmpfinUITests.xctest */,
				267F6F252F7034F200A5C2DC /* AmpfinWidgetExtension.appex */,
			);
			name = Products;
			sourceTree = "<group>";
		};
		267F6F262F7034F200A5C2DC /* Frameworks */ = {
			isa = PBXGroup;
			children = (
				267F6F272F7034F200A5C2DC /* WidgetKit.framework */,
				267F6F292F7034F200A5C2DC /* SwiftUI.framework */,
			);
			name = Frameworks;
			sourceTree = "<group>";
		};
/* End PBXGroup section */

/* Begin PBXNativeTarget section */
		267E9BBF2DFB0E1800F06ED9 /* Ampfin */ = {
			isa = PBXNativeTarget;
			buildConfigurationList = 267E9BE22DFB0E1A00F06ED9 /* Build configuration list for PBXNativeTarget "Ampfin" */;
			buildPhases = (
				267E9BBC2DFB0E1800F06ED9 /* Sources */,
				267E9BBD2DFB0E1800F06ED9 /* Frameworks */,
				267E9BBE2DFB0E1800F06ED9 /* Resources */,
				267F6F3E2F7034F400A5C2DC /* Embed Foundation Extensions */,
			);
			buildRules = (
			);
			dependencies = (
				267F6F382F7034F400A5C2DC /* PBXTargetDependency */,
			);
			fileSystemSynchronizedGroups = (
				267E9BC22DFB0E1800F06ED9 /* Ampfin */,
			);
			name = Ampfin;
			packageProductDependencies = (
			);
			productName = Ampfin;
			productReference = 267E9BC02DFB0E1800F06ED9 /* Ampfin.app */;
			productType = "com.apple.product-type.application";
		};
		267E9BCD2DFB0E1A00F06ED9 /* AmpfinTests */ = {
			isa = PBXNativeTarget;
			buildConfigurationList = 267E9BE52DFB0E1A00F06ED9 /* Build configuration list for PBXNativeTarget "AmpfinTests" */;
			buildPhases = (
				267E9BCA2DFB0E1A00F06ED9 /* Sources */,
				267E9BCB2DFB0E1A00F06ED9 /* Frameworks */,
				267E9BCC2DFB0E1A00F06ED9 /* Resources */,
			);
			buildRules = (
			);
			dependencies = (
				267E9BD02DFB0E1A00F06ED9 /* PBXTargetDependency */,
			);
			fileSystemSynchronizedGroups = (
				267E9BD12DFB0E1A00F06ED9 /* AmpfinTests */,
			);
			name = AmpfinTests;
			packageProductDependencies = (
			);
			productName = AmpfinTests;
			productReference = 267E9BCE2DFB0E1A00F06ED9 /* AmpfinTests.xctest */;
			productType = "com.apple.product-type.bundle.unit-test";
		};
		267E9BD72DFB0E1A00F06ED9 /* AmpfinUITests */ = {
			isa = PBXNativeTarget;
			buildConfigurationList = 267E9BE82DFB0E1A00F06ED9 /* Build configuration list for PBXNativeTarget "AmpfinUITests" */;
			buildPhases = (
				267E9BD42DFB0E1A00F06ED9 /* Sources */,
				267E9BD52DFB0E1A00F06ED9 /* Frameworks */,
				267E9BD62DFB0E1A00F06ED9 /* Resources */,
			);
			buildRules = (
			);
			dependencies = (
				267E9BDA2DFB0E1A00F06ED9 /* PBXTargetDependency */,
			);
			fileSystemSynchronizedGroups = (
				267E9BDB2DFB0E1A00F06ED9 /* AmpfinUITests */,
			);
			name = AmpfinUITests;
			packageProductDependencies = (
			);
			productName = AmpfinUITests;
			productReference = 267E9BD82DFB0E1A00F06ED9 /* AmpfinUITests.xctest */;
			productType = "com.apple.product-type.bundle.ui-testing";
		};
		267F6F242F7034F200A5C2DC /* AmpfinWidgetExtension */ = {
			isa = PBXNativeTarget;
			buildConfigurationList = 267F6F3B2F7034F400A5C2DC /* Build configuration list for PBXNativeTarget "AmpfinWidgetExtension" */;
			buildPhases = (
				267F6F212F7034F200A5C2DC /* Sources */,
				267F6F222F7034F200A5C2DC /* Frameworks */,
				267F6F232F7034F200A5C2DC /* Resources */,
			);
			buildRules = (
			);
			dependencies = (
			);
			fileSystemSynchronizedGroups = (
				267F6F2B2F7034F200A5C2DC /* AmpfinWidget */,
			);
			name = AmpfinWidgetExtension;
			packageProductDependencies = (
			);
			productName = AmpfinWidgetExtension;
			productReference = 267F6F252F7034F200A5C2DC /* AmpfinWidgetExtension.appex */;
			productType = "com.apple.product-type.app-extension";
		};
/* End PBXNativeTarget section */

/* Begin PBXProject section */
		267E9BB82DFB0E1800F06ED9 /* Project object */ = {
			isa = PBXProject;
			attributes = {
				BuildIndependentTargetsInParallel = 1;
				LastSwiftUpdateCheck = 2630;
				LastUpgradeCheck = 1640;
				TargetAttributes = {
					267E9BBF2DFB0E1800F06ED9 = {
						CreatedOnToolsVersion = 16.4;
					};
					267E9BCD2DFB0E1A00F06ED9 = {
						CreatedOnToolsVersion = 16.4;
						TestTargetID = 267E9BBF2DFB0E1800F06ED9;
					};
					267E9BD72DFB0E1A00F06ED9 = {
						CreatedOnToolsVersion = 16.4;
						TestTargetID = 267E9BBF2DFB0E1800F06ED9;
					};
					267F6F242F7034F200A5C2DC = {
						CreatedOnToolsVersion = 26.3;
					};
				};
			};
			buildConfigurationList = 267E9BBB2DFB0E1800F06ED9 /* Build configuration list for PBXProject "Ampfin" */;
			developmentRegion = en;
			hasScannedForEncodings = 0;
			knownRegions = (
				en,
				Base,
			);
			mainGroup = 267E9BB72DFB0E1800F06ED9;
			minimizedProjectReferenceProxies = 1;
			preferredProjectObjectVersion = 77;
			productRefGroup = 267E9BC12DFB0E1800F06ED9 /* Products */;
			projectDirPath = "";
			projectRoot = "";
			targets = (
				267E9BBF2DFB0E1800F06ED9 /* Ampfin */,
				267E9BCD2DFB0E1A00F06ED9 /* AmpfinTests */,
				267E9BD72DFB0E1A00F06ED9 /* AmpfinUITests */,
				267F6F242F7034F200A5C2DC /* AmpfinWidgetExtension */,
			);
		};
/* End PBXProject section */

/* Begin PBXResourcesBuildPhase section */
		267E9BBE2DFB0E1800F06ED9 /* Resources */ = {
			isa = PBXResourcesBuildPhase;
			buildActionMask = 2147483647;
			files = (
				2672BF2F2E59BBEE00466EE2 /* ampfin_icon_glass.icon in Resources */,
			);
			runOnlyForDeploymentPostprocessing = 0;
		};
		267E9BCC2DFB0E1A00F06ED9 /* Resources */ = {
			isa = PBXResourcesBuildPhase;
			buildActionMask = 2147483647;
			files = (
			);
			runOnlyForDeploymentPostprocessing = 0;
		};
		267E9BD62DFB0E1A00F06ED9 /* Resources */ = {
			isa = PBXResourcesBuildPhase;
			buildActionMask = 2147483647;
			files = (
			);
			runOnlyForDeploymentPostprocessing = 0;
		};
		267F6F232F7034F200A5C2DC /* Resources */ = {
			isa = PBXResourcesBuildPhase;
			buildActionMask = 2147483647;
			files = (
			);
			runOnlyForDeploymentPostprocessing = 0;
		};
/* End PBXResourcesBuildPhase section */

/* Begin PBXSourcesBuildPhase section */
		267E9BBC2DFB0E1800F06ED9 /* Sources */ = {
			isa = PBXSourcesBuildPhase;
			buildActionMask = 2147483647;
			files = (
			);
			runOnlyForDeploymentPostprocessing = 0;
		};
		267E9BCA2DFB0E1A00F06ED9 /* Sources */ = {
			isa = PBXSourcesBuildPhase;
			buildActionMask = 2147483647;
			files = (
			);
			runOnlyForDeploymentPostprocessing = 0;
		};
		267E9BD42DFB0E1A00F06ED9 /* Sources */ = {
			isa = PBXSourcesBuildPhase;
			buildActionMask = 2147483647;
			files = (
			);
			runOnlyForDeploymentPostprocessing = 0;
		};
		267F6F212F7034F200A5C2DC /* Sources */ = {
			isa = PBXSourcesBuildPhase;
			buildActionMask = 2147483647;
			files = (
			);
			runOnlyForDeploymentPostprocessing = 0;
		};
/* End PBXSourcesBuildPhase section */

/* Begin PBXTargetDependency section */
		267E9BD02DFB0E1A00F06ED9 /* PBXTargetDependency */ = {
			isa = PBXTargetDependency;
			target = 267E9BBF2DFB0E1800F06ED9 /* Ampfin */;
			targetProxy = 267E9BCF2DFB0E1A00F06ED9 /* PBXContainerItemProxy */;
		};
		267E9BDA2DFB0E1A00F06ED9 /* PBXTargetDependency */ = {
			isa = PBXTargetDependency;
			target = 267E9BBF2DFB0E1800F06ED9 /* Ampfin */;
			targetProxy = 267E9BD92DFB0E1A00F06ED9 /* PBXContainerItemProxy */;
		};
		267F6F382F7034F400A5C2DC /* PBXTargetDependency */ = {
			isa = PBXTargetDependency;
			platformFilters = (
				ios,
				macos,
			);
			target = 267F6F242F7034F200A5C2DC /* AmpfinWidgetExtension */;
			targetProxy = 267F6F372F7034F400A5C2DC /* PBXContainerItemProxy */;
		};
/* End PBXTargetDependency section */

/* Begin XCBuildConfiguration section */
		267E9BE02DFB0E1A00F06ED9 /* Debug */ = {
			isa = XCBuildConfiguration;
			buildSettings = {
				ALWAYS_SEARCH_USER_PATHS = NO;
				ASSETCATALOG_COMPILER_GENERATE_SWIFT_ASSET_SYMBOL_EXTENSIONS = YES;
				CLANG_ANALYZER_NONNULL = YES;
				CLANG_ANALYZER_NUMBER_OBJECT_CONVERSION = YES_AGGRESSIVE;
				CLANG_CXX_LANGUAGE_STANDARD = "gnu++20";
				CLANG_ENABLE_MODULES = YES;
				CLANG_ENABLE_OBJC_ARC = YES;
				CLANG_ENABLE_OBJC_WEAK = YES;
				CLANG_WARN_BLOCK_CAPTURE_AUTORELEASING = YES;
				CLANG_WARN_BOOL_CONVERSION = YES;
				CLANG_WARN_COMMA = YES;
				CLANG_WARN_CONSTANT_CONVERSION = YES;
				CLANG_WARN_DEPRECATED_OBJC_IMPLEMENTATIONS = YES;
				CLANG_WARN_DIRECT_OBJC_ISA_USAGE = YES_ERROR;
				CLANG_WARN_DOCUMENTATION_COMMENTS = YES;
				CLANG_WARN_EMPTY_BODY = YES;
				CLANG_WARN_ENUM_CONVERSION = YES;
				CLANG_WARN_INFINITE_RECURSION = YES;
				CLANG_WARN_INT_CONVERSION = YES;
				CLANG_WARN_NON_LITERAL_NULL_CONVERSION = YES;
				CLANG_WARN_OBJC_IMPLICIT_RETAIN_SELF = YES;
				CLANG_WARN_OBJC_LITERAL_CONVERSION = YES;
				CLANG_WARN_OBJC_ROOT_CLASS = YES_ERROR;
				CLANG_WARN_QUOTED_INCLUDE_IN_FRAMEWORK_HEADER = YES;
				CLANG_WARN_RANGE_LOOP_ANALYSIS = YES;
				CLANG_WARN_STRICT_PROTOTYPES = YES;
				CLANG_WARN_SUSPICIOUS_MOVE = YES;
				CLANG_WARN_UNGUARDED_AVAILABILITY = YES_AGGRESSIVE;
				CLANG_WARN_UNREACHABLE_CODE = YES;
				CLANG_WARN__DUPLICATE_METHOD_MATCH = YES;
				COPY_PHASE_STRIP = NO;
				DEBUG_INFORMATION_FORMAT = dwarf;
				ENABLE_STRICT_OBJC_MSGSEND = YES;
				ENABLE_TESTABILITY = YES;
				ENABLE_USER_SCRIPT_SANDBOXING = YES;
				GCC_C_LANGUAGE_STANDARD = gnu17;
				GCC_DYNAMIC_NO_PIC = NO;
				GCC_NO_COMMON_BLOCKS = YES;
				GCC_OPTIMIZATION_LEVEL = 0;
				GCC_PREPROCESSOR_DEFINITIONS = (
					"DEBUG=1",
					"$(inherited)",
				);
				GCC_WARN_64_TO_32_BIT_CONVERSION = YES;
				GCC_WARN_ABOUT_RETURN_TYPE = YES_ERROR;
				GCC_WARN_UNDECLARED_SELECTOR = YES;
				GCC_WARN_UNINITIALIZED_AUTOS = YES_AGGRESSIVE;
				GCC_WARN_UNUSED_FUNCTION = YES;
				GCC_WARN_UNUSED_VARIABLE = YES;
				INFOPLIST_KEY_NSSupportsLiveActivities = YES;
				LOCALIZATION_PREFERS_STRING_CATALOGS = YES;
				MTL_ENABLE_DEBUG_INFO = INCLUDE_SOURCE;
				MTL_FAST_MATH = YES;
				ONLY_ACTIVE_ARCH = YES;
				SWIFT_ACTIVE_COMPILATION_CONDITIONS = "DEBUG $(inherited)";
				SWIFT_OPTIMIZATION_LEVEL = "-Onone";
			};
			name = Debug;
		};
		267E9BE12DFB0E1A00F06ED9 /* Release */ = {
			isa = XCBuildConfiguration;
			buildSettings = {
				ALWAYS_SEARCH_USER_PATHS = NO;
				ASSETCATALOG_COMPILER_GENERATE_SWIFT_ASSET_SYMBOL_EXTENSIONS = YES;
				CLANG_ANALYZER_NONNULL = YES;
				CLANG_ANALYZER_NUMBER_OBJECT_CONVERSION = YES_AGGRESSIVE;
				CLANG_CXX_LANGUAGE_STANDARD = "gnu++20";
				CLANG_ENABLE_MODULES = YES;
				CLANG_ENABLE_OBJC_ARC = YES;
				CLANG_ENABLE_OBJC_WEAK = YES;
				CLANG_WARN_BLOCK_CAPTURE_AUTORELEASING = YES;
				CLANG_WARN_BOOL_CONVERSION = YES;
				CLANG_WARN_COMMA = YES;
				CLANG_WARN_CONSTANT_CONVERSION = YES;
				CLANG_WARN_DEPRECATED_OBJC_IMPLEMENTATIONS = YES;
				CLANG_WARN_DIRECT_OBJC_ISA_USAGE = YES_ERROR;
				CLANG_WARN_DOCUMENTATION_COMMENTS = YES;
				CLANG_WARN_EMPTY_BODY = YES;
				CLANG_WARN_ENUM_CONVERSION = YES;
				CLANG_WARN_INFINITE_RECURSION = YES;
				CLANG_WARN_INT_CONVERSION = YES;
				CLANG_WARN_NON_LITERAL_NULL_CONVERSION = YES;
				CLANG_WARN_OBJC_IMPLICIT_RETAIN_SELF = YES;
				CLANG_WARN_OBJC_LITERAL_CONVERSION = YES;
				CLANG_WARN_OBJC_ROOT_CLASS = YES_ERROR;
				CLANG_WARN_QUOTED_INCLUDE_IN_FRAMEWORK_HEADER = YES;
				CLANG_WARN_RANGE_LOOP_ANALYSIS = YES;
				CLANG_WARN_STRICT_PROTOTYPES = YES;
				CLANG_WARN_SUSPICIOUS_MOVE = YES;
				CLANG_WARN_UNGUARDED_AVAILABILITY = YES_AGGRESSIVE;
				CLANG_WARN_UNREACHABLE_CODE = YES;
				CLANG_WARN__DUPLICATE_METHOD_MATCH = YES;
				COPY_PHASE_STRIP = NO;
				DEBUG_INFORMATION_FORMAT = "dwarf-with-dsym";
				ENABLE_NS_ASSERTIONS = NO;
				ENABLE_STRICT_OBJC_MSGSEND = YES;
				ENABLE_USER_SCRIPT_SANDBOXING = YES;
				GCC_C_LANGUAGE_STANDARD = gnu17;
				GCC_NO_COMMON_BLOCKS = YES;
				GCC_WARN_64_TO_32_BIT_CONVERSION = YES;
				GCC_WARN_ABOUT_RETURN_TYPE = YES_ERROR;
				GCC_WARN_UNDECLARED_SELECTOR = YES;
				GCC_WARN_UNINITIALIZED_AUTOS = YES_AGGRESSIVE;
				GCC_WARN_UNUSED_FUNCTION = YES;
				GCC_WARN_UNUSED_VARIABLE = YES;
				INFOPLIST_KEY_NSSupportsLiveActivities = YES;
				LOCALIZATION_PREFERS_STRING_CATALOGS = YES;
				MTL_ENABLE_DEBUG_INFO = NO;
				MTL_FAST_MATH = YES;
				SWIFT_COMPILATION_MODE = wholemodule;
			};
			name = Release;
		};
		267E9BE32DFB0E1A00F06ED9 /* Debug */ = {
			isa = XCBuildConfiguration;
			buildSettings = {
				ASSETCATALOG_COMPILER_APPICON_NAME = ampfin_icon_glass;
				ASSETCATALOG_COMPILER_GLOBAL_ACCENT_COLOR_NAME = AccentColor;
				ASSETCATALOG_COMPILER_INCLUDE_ALL_APPICON_ASSETS = YES;
				CODE_SIGN_ENTITLEMENTS = Ampfin/Ampfin.entitlements;
				"CODE_SIGN_IDENTITY[sdk=macosx*]" = "-";
				CODE_SIGN_STYLE = Automatic;
				CURRENT_PROJECT_VERSION = 1;
				DEVELOPMENT_TEAM = 4N9T8P55K2;
				ENABLE_APP_SANDBOX = YES;
				ENABLE_PREVIEWS = YES;
				GENERATE_INFOPLIST_FILE = YES;
				INFOPLIST_FILE = Ampfin/Info.plist;
				INFOPLIST_KEY_NSSupportsLiveActivities = YES;
				"INFOPLIST_KEY_UIApplicationSceneManifest_Generation[sdk=iphoneos*]" = YES;
				"INFOPLIST_KEY_UIApplicationSceneManifest_Generation[sdk=iphonesimulator*]" = YES;
				"INFOPLIST_KEY_UIApplicationSupportsIndirectInputEvents[sdk=iphoneos*]" = YES;
				"INFOPLIST_KEY_UIApplicationSupportsIndirectInputEvents[sdk=iphonesimulator*]" = YES;
				"INFOPLIST_KEY_UILaunchScreen_Generation[sdk=iphoneos*]" = YES;
				"INFOPLIST_KEY_UILaunchScreen_Generation[sdk=iphonesimulator*]" = YES;
				"INFOPLIST_KEY_UIStatusBarStyle[sdk=iphoneos*]" = UIStatusBarStyleDefault;
				"INFOPLIST_KEY_UIStatusBarStyle[sdk=iphonesimulator*]" = UIStatusBarStyleDefault;
				INFOPLIST_KEY_UISupportedInterfaceOrientations_iPad = "UIInterfaceOrientationPortrait UIInterfaceOrientationPortraitUpsideDown UIInterfaceOrientationLandscapeLeft UIInterfaceOrientationLandscapeRight";
				INFOPLIST_KEY_UISupportedInterfaceOrientations_iPhone = "UIInterfaceOrientationPortrait UIInterfaceOrientationLandscapeLeft UIInterfaceOrientationLandscapeRight";
				IPHONEOS_DEPLOYMENT_TARGET = 26.0;
				LD_RUNPATH_SEARCH_PATHS = "@executable_path/Frameworks";
				"LD_RUNPATH_SEARCH_PATHS[sdk=macosx*]" = "@executable_path/../Frameworks";
				MACOSX_DEPLOYMENT_TARGET = 26.0;
				MARKETING_VERSION = 1.0;
				PRODUCT_BUNDLE_IDENTIFIER = com.mtvittori.Ampfin;
				PRODUCT_NAME = "$(TARGET_NAME)";
				REGISTER_APP_GROUPS = YES;
				SDKROOT = auto;
				SUPPORTED_PLATFORMS = "iphoneos iphonesimulator macosx xros xrsimulator";
				SWIFT_EMIT_LOC_STRINGS = YES;
				SWIFT_OBJC_BRIDGING_HEADER = "Ampfin/Helpers/Ampfin-Bridging-Header.h";
				SWIFT_VERSION = 5.0;
				TARGETED_DEVICE_FAMILY = "1,2,7";
				XROS_DEPLOYMENT_TARGET = 26.0;
			};
			name = Debug;
		};
		267E9BE42DFB0E1A00F06ED9 /* Release */ = {
			isa = XCBuildConfiguration;
			buildSettings = {
				ASSETCATALOG_COMPILER_APPICON_NAME = ampfin_icon_glass;
				ASSETCATALOG_COMPILER_GLOBAL_ACCENT_COLOR_NAME = AccentColor;
				ASSETCATALOG_COMPILER_INCLUDE_ALL_APPICON_ASSETS = YES;
				CODE_SIGN_ENTITLEMENTS = Ampfin/AmpfinRelease.entitlements;
				CODE_SIGN_STYLE = Automatic;
				CURRENT_PROJECT_VERSION = 1;
				DEVELOPMENT_TEAM = 4N9T8P55K2;
				ENABLE_APP_SANDBOX = YES;
				ENABLE_PREVIEWS = YES;
				GENERATE_INFOPLIST_FILE = YES;
				INFOPLIST_FILE = Ampfin/Info.plist;
				INFOPLIST_KEY_NSSupportsLiveActivities = YES;
				"INFOPLIST_KEY_UIApplicationSceneManifest_Generation[sdk=iphoneos*]" = YES;
				"INFOPLIST_KEY_UIApplicationSceneManifest_Generation[sdk=iphonesimulator*]" = YES;
				"INFOPLIST_KEY_UIApplicationSupportsIndirectInputEvents[sdk=iphoneos*]" = YES;
				"INFOPLIST_KEY_UIApplicationSupportsIndirectInputEvents[sdk=iphonesimulator*]" = YES;
				"INFOPLIST_KEY_UILaunchScreen_Generation[sdk=iphoneos*]" = YES;
				"INFOPLIST_KEY_UILaunchScreen_Generation[sdk=iphonesimulator*]" = YES;
				"INFOPLIST_KEY_UIStatusBarStyle[sdk=iphoneos*]" = UIStatusBarStyleDefault;
				"INFOPLIST_KEY_UIStatusBarStyle[sdk=iphonesimulator*]" = UIStatusBarStyleDefault;
				INFOPLIST_KEY_UISupportedInterfaceOrientations_iPad = "UIInterfaceOrientationPortrait UIInterfaceOrientationPortraitUpsideDown UIInterfaceOrientationLandscapeLeft UIInterfaceOrientationLandscapeRight";
				INFOPLIST_KEY_UISupportedInterfaceOrientations_iPhone = "UIInterfaceOrientationPortrait UIInterfaceOrientationLandscapeLeft UIInterfaceOrientationLandscapeRight";
				IPHONEOS_DEPLOYMENT_TARGET = 26.0;
				LD_RUNPATH_SEARCH_PATHS = "@executable_path/Frameworks";
				"LD_RUNPATH_SEARCH_PATHS[sdk=macosx*]" = "@executable_path/../Frameworks";
				MACOSX_DEPLOYMENT_TARGET = 26.0;
				MARKETING_VERSION = 1.0;
				PRODUCT_BUNDLE_IDENTIFIER = com.mtvittori.Ampfin;
				PRODUCT_NAME = "$(TARGET_NAME)";
				REGISTER_APP_GROUPS = YES;
				SDKROOT = auto;
				SUPPORTED_PLATFORMS = "iphoneos iphonesimulator macosx xros xrsimulator";
				SWIFT_EMIT_LOC_STRINGS = YES;
				SWIFT_OBJC_BRIDGING_HEADER = "Ampfin/Helpers/Ampfin-Bridging-Header.h";
				SWIFT_VERSION = 5.0;
				TARGETED_DEVICE_FAMILY = "1,2,7";
				XROS_DEPLOYMENT_TARGET = 26.0;
			};
			name = Release;
		};
		267E9BE62DFB0E1A00F06ED9 /* Debug */ = {
			isa = XCBuildConfiguration;
			buildSettings = {
				BUNDLE_LOADER = "$(TEST_HOST)";
				CODE_SIGN_STYLE = Automatic;
				CURRENT_PROJECT_VERSION = 1;
				GENERATE_INFOPLIST_FILE = YES;
				IPHONEOS_DEPLOYMENT_TARGET = 18.5;
				MACOSX_DEPLOYMENT_TARGET = 15.5;
				MARKETING_VERSION = 1.0;
				PRODUCT_BUNDLE_IDENTIFIER = com.mtvittori.AmpfinTests;
				PRODUCT_NAME = "$(TARGET_NAME)";
				SDKROOT = auto;
				SUPPORTED_PLATFORMS = "iphoneos iphonesimulator macosx xros xrsimulator";
				SWIFT_EMIT_LOC_STRINGS = NO;
				SWIFT_VERSION = 5.0;
				TARGETED_DEVICE_FAMILY = "1,2,7";
				TEST_HOST = "$(BUILT_PRODUCTS_DIR)/Ampfin.app/$(BUNDLE_EXECUTABLE_FOLDER_PATH)/Ampfin";
				XROS_DEPLOYMENT_TARGET = 2.5;
			};
			name = Debug;
		};
		267E9BE72DFB0E1A00F06ED9 /* Release */ = {
			isa = XCBuildConfiguration;
			buildSettings = {
				BUNDLE_LOADER = "$(TEST_HOST)";
				CODE_SIGN_STYLE = Automatic;
				CURRENT_PROJECT_VERSION = 1;
				GENERATE_INFOPLIST_FILE = YES;
				IPHONEOS_DEPLOYMENT_TARGET = 18.5;
				MACOSX_DEPLOYMENT_TARGET = 15.5;
				MARKETING_VERSION = 1.0;
				PRODUCT_BUNDLE_IDENTIFIER = com.mtvittori.AmpfinTests;
				PRODUCT_NAME = "$(TARGET_NAME)";
				SDKROOT = auto;
				SUPPORTED_PLATFORMS = "iphoneos iphonesimulator macosx xros xrsimulator";
				SWIFT_EMIT_LOC_STRINGS = NO;
				SWIFT_VERSION = 5.0;
				TARGETED_DEVICE_FAMILY = "1,2,7";
				TEST_HOST = "$(BUILT_PRODUCTS_DIR)/Ampfin.app/$(BUNDLE_EXECUTABLE_FOLDER_PATH)/Ampfin";
				XROS_DEPLOYMENT_TARGET = 2.5;
			};
			name = Release;
		};
		267E9BE92DFB0E1A00F06ED9 /* Debug */ = {
			isa = XCBuildConfiguration;
			buildSettings = {
				CODE_SIGN_STYLE = Automatic;
				CURRENT_PROJECT_VERSION = 1;
				GENERATE_INFOPLIST_FILE = YES;
				IPHONEOS_DEPLOYMENT_TARGET = 18.5;
				MACOSX_DEPLOYMENT_TARGET = 15.5;
				MARKETING_VERSION = 1.0;
				PRODUCT_BUNDLE_IDENTIFIER = com.mtvittori.AmpfinUITests;
				PRODUCT_NAME = "$(TARGET_NAME)";
				SDKROOT = auto;
				SUPPORTED_PLATFORMS = "iphoneos iphonesimulator macosx xros xrsimulator";
				SWIFT_EMIT_LOC_STRINGS = NO;
				SWIFT_VERSION = 5.0;
				TARGETED_DEVICE_FAMILY = "1,2,7";
				TEST_TARGET_NAME = Ampfin;
				XROS_DEPLOYMENT_TARGET = 2.5;
			};
			name = Debug;
		};
		267E9BEA2DFB0E1A00F06ED9 /* Release */ = {
			isa = XCBuildConfiguration;
			buildSettings = {
				CODE_SIGN_STYLE = Automatic;
				CURRENT_PROJECT_VERSION = 1;
				GENERATE_INFOPLIST_FILE = YES;
				IPHONEOS_DEPLOYMENT_TARGET = 18.5;
				MACOSX_DEPLOYMENT_TARGET = 15.5;
				MARKETING_VERSION = 1.0;
				PRODUCT_BUNDLE_IDENTIFIER = com.mtvittori.AmpfinUITests;
				PRODUCT_NAME = "$(TARGET_NAME)";
				SDKROOT = auto;
				SUPPORTED_PLATFORMS = "iphoneos iphonesimulator macosx xros xrsimulator";
				SWIFT_EMIT_LOC_STRINGS = NO;
				SWIFT_VERSION = 5.0;
				TARGETED_DEVICE_FAMILY = "1,2,7";
				TEST_TARGET_NAME = Ampfin;
				XROS_DEPLOYMENT_TARGET = 2.5;
			};
			name = Release;
		};
		267F6F3C2F7034F400A5C2DC /* Debug */ = {
			isa = XCBuildConfiguration;
			buildSettings = {
				ASSETCATALOG_COMPILER_GLOBAL_ACCENT_COLOR_NAME = AccentColor;
				ASSETCATALOG_COMPILER_WIDGET_BACKGROUND_COLOR_NAME = WidgetBackground;
				CODE_SIGN_ENTITLEMENTS = AmpfinWidgetExtension.entitlements;
				CODE_SIGN_IDENTITY = "-";
				CODE_SIGN_STYLE = Manual;
				CURRENT_PROJECT_VERSION = 1;
				DEVELOPMENT_TEAM = 4N9T8P55K2;
				ENABLE_APP_SANDBOX = YES;
				ENABLE_INCOMING_NETWORK_CONNECTIONS = NO;
				ENABLE_OUTGOING_NETWORK_CONNECTIONS = YES;
				ENABLE_RESOURCE_ACCESS_AUDIO_INPUT = NO;
				ENABLE_RESOURCE_ACCESS_BLUETOOTH = NO;
				ENABLE_RESOURCE_ACCESS_CALENDARS = NO;
				ENABLE_RESOURCE_ACCESS_CAMERA = NO;
				ENABLE_RESOURCE_ACCESS_CONTACTS = NO;
				ENABLE_RESOURCE_ACCESS_LOCATION = NO;
				ENABLE_RESOURCE_ACCESS_PRINTING = NO;
				ENABLE_RESOURCE_ACCESS_USB = NO;
				GENERATE_INFOPLIST_FILE = YES;
				INFOPLIST_FILE = AmpfinWidget/Info.plist;
				INFOPLIST_KEY_CFBundleDisplayName = AmpfinWidget;
				INFOPLIST_KEY_NSHumanReadableCopyright = "";
				IPHONEOS_DEPLOYMENT_TARGET = 26.0;
				LD_RUNPATH_SEARCH_PATHS = (
					"$(inherited)",
					"@executable_path/../Frameworks",
					"@executable_path/../../../../Frameworks",
				);
				"LD_RUNPATH_SEARCH_PATHS[sdk=iphoneos*]" = (
					"$(inherited)",
					"@executable_path/Frameworks",
					"@executable_path/../../Frameworks",
				);
				MACOSX_DEPLOYMENT_TARGET = 26.2;
				MARKETING_VERSION = 1.0;
				PRODUCT_BUNDLE_IDENTIFIER = com.mtvittori.Ampfin.AmpfinWidget;
				PRODUCT_NAME = "$(TARGET_NAME)";
				REGISTER_APP_GROUPS = YES;
				SDKROOT = auto;
				SKIP_INSTALL = YES;
				STRING_CATALOG_GENERATE_SYMBOLS = YES;
				SUPPORTED_PLATFORMS = "iphoneos iphonesimulator macosx";
				SUPPORTS_MACCATALYST = NO;
				SWIFT_APPROACHABLE_CONCURRENCY = YES;
				SWIFT_EMIT_LOC_STRINGS = YES;
				SWIFT_UPCOMING_FEATURE_MEMBER_IMPORT_VISIBILITY = YES;
				SWIFT_VERSION = 5.0;
				TARGETED_DEVICE_FAMILY = "1,2";
			};
			name = Debug;
		};
		267F6F3D2F7034F400A5C2DC /* Release */ = {
			isa = XCBuildConfiguration;
			buildSettings = {
				ASSETCATALOG_COMPILER_GLOBAL_ACCENT_COLOR_NAME = AccentColor;
				ASSETCATALOG_COMPILER_WIDGET_BACKGROUND_COLOR_NAME = WidgetBackground;
				CODE_SIGN_ENTITLEMENTS = AmpfinWidgetExtension.entitlements;
				CODE_SIGN_IDENTITY = "-";
				CODE_SIGN_STYLE = Manual;
				CURRENT_PROJECT_VERSION = 1;
				DEVELOPMENT_TEAM = 4N9T8P55K2;
				ENABLE_APP_SANDBOX = YES;
				ENABLE_INCOMING_NETWORK_CONNECTIONS = NO;
				ENABLE_OUTGOING_NETWORK_CONNECTIONS = YES;
				ENABLE_RESOURCE_ACCESS_AUDIO_INPUT = NO;
				ENABLE_RESOURCE_ACCESS_BLUETOOTH = NO;
				ENABLE_RESOURCE_ACCESS_CALENDARS = NO;
				ENABLE_RESOURCE_ACCESS_CAMERA = NO;
				ENABLE_RESOURCE_ACCESS_CONTACTS = NO;
				ENABLE_RESOURCE_ACCESS_LOCATION = NO;
				ENABLE_RESOURCE_ACCESS_PRINTING = NO;
				ENABLE_RESOURCE_ACCESS_USB = NO;
				GENERATE_INFOPLIST_FILE = YES;
				INFOPLIST_FILE = AmpfinWidget/Info.plist;
				INFOPLIST_KEY_CFBundleDisplayName = AmpfinWidget;
				INFOPLIST_KEY_NSHumanReadableCopyright = "";
				IPHONEOS_DEPLOYMENT_TARGET = 26.0;
				LD_RUNPATH_SEARCH_PATHS = (
					"$(inherited)",
					"@executable_path/../Frameworks",
					"@executable_path/../../../../Frameworks",
				);
				"LD_RUNPATH_SEARCH_PATHS[sdk=iphoneos*]" = (
					"$(inherited)",
					"@executable_path/Frameworks",
					"@executable_path/../../Frameworks",
				);
				MACOSX_DEPLOYMENT_TARGET = 26.2;
				MARKETING_VERSION = 1.0;
				PRODUCT_BUNDLE_IDENTIFIER = com.mtvittori.Ampfin.AmpfinWidget;
				PRODUCT_NAME = "$(TARGET_NAME)";
				REGISTER_APP_GROUPS = YES;
				SDKROOT = auto;
				SKIP_INSTALL = YES;
				STRING_CATALOG_GENERATE_SYMBOLS = YES;
				SUPPORTED_PLATFORMS = "iphoneos iphonesimulator macosx";
				SUPPORTS_MACCATALYST = NO;
				SWIFT_APPROACHABLE_CONCURRENCY = YES;
				SWIFT_EMIT_LOC_STRINGS = YES;
				SWIFT_UPCOMING_FEATURE_MEMBER_IMPORT_VISIBILITY = YES;
				SWIFT_VERSION = 5.0;
				TARGETED_DEVICE_FAMILY = "1,2";
			};
			name = Release;
		};
/* End XCBuildConfiguration section */

/* Begin XCConfigurationList section */
		267E9BBB2DFB0E1800F06ED9 /* Build configuration list for PBXProject "Ampfin" */ = {
			isa = XCConfigurationList;
			buildConfigurations = (
				267E9BE02DFB0E1A00F06ED9 /* Debug */,
				267E9BE12DFB0E1A00F06ED9 /* Release */,
			);
			defaultConfigurationIsVisible = 0;
			defaultConfigurationName = Release;
		};
		267E9BE22DFB0E1A00F06ED9 /* Build configuration list for PBXNativeTarget "Ampfin" */ = {
			isa = XCConfigurationList;
			buildConfigurations = (
				267E9BE32DFB0E1A00F06ED9 /* Debug */,
				267E9BE42DFB0E1A00F06ED9 /* Release */,
			);
			defaultConfigurationIsVisible = 0;
			defaultConfigurationName = Release;
		};
		267E9BE52DFB0E1A00F06ED9 /* Build configuration list for PBXNativeTarget "AmpfinTests" */ = {
			isa = XCConfigurationList;
			buildConfigurations = (
				267E9BE62DFB0E1A00F06ED9 /* Debug */,
				267E9BE72DFB0E1A00F06ED9 /* Release */,
			);
			defaultConfigurationIsVisible = 0;
			defaultConfigurationName = Release;
		};
		267E9BE82DFB0E1A00F06ED9 /* Build configuration list for PBXNativeTarget "AmpfinUITests" */ = {
			isa = XCConfigurationList;
			buildConfigurations = (
				267E9BE92DFB0E1A00F06ED9 /* Debug */,
				267E9BEA2DFB0E1A00F06ED9 /* Release */,
			);
			defaultConfigurationIsVisible = 0;
			defaultConfigurationName = Release;
		};
		267F6F3B2F7034F400A5C2DC /* Build configuration list for PBXNativeTarget "AmpfinWidgetExtension" */ = {
			isa = XCConfigurationList;
			buildConfigurations = (
				267F6F3C2F7034F400A5C2DC /* Debug */,
				267F6F3D2F7034F400A5C2DC /* Release */,
			);
			defaultConfigurationIsVisible = 0;
			defaultConfigurationName = Release;
		};
/* End XCConfigurationList section */
	};
	rootObject = 267E9BB82DFB0E1800F06ED9 /* Project object */;
}
